// !$*UTF8*$!
{
	archiveVersion = 1;
	classes = {
	};
	objectVersion = 46;
	objects = {

/* Begin PBXBuildFile section */
		8FB406831A283DD300698EDB /* main.m in Sources */ = {isa = PBXBuildFile; fileRef = 8FB406821A283DD300698EDB /* main.m */; };
		8FB406861A283DD300698EDB /* AppDelegate.m in Sources */ = {isa = PBXBuildFile; fileRef = 8FB406851A283DD300698EDB /* AppDelegate.m */; };
		8FB406891A283DD300698EDB /* ViewController.m in Sources */ = {isa = PBXBuildFile; fileRef = 8FB406881A283DD300698EDB /* ViewController.m */; };
		8FB4068C1A283DD300698EDB /* Main.storyboard in Resources */ = {isa = PBXBuildFile; fileRef = 8FB4068A1A283DD300698EDB /* Main.storyboard */; };
		8FB4068E1A283DD300698EDB /* Images.xcassets in Resources */ = {isa = PBXBuildFile; fileRef = 8FB4068D1A283DD300698EDB /* Images.xcassets */; };
		8FB406911A283DD300698EDB /* LaunchScreen.xib in Resources */ = {isa = PBXBuildFile; fileRef = 8FB4068F1A283DD300698EDB /* LaunchScreen.xib */; };
		8FB4069D1A283DD300698EDB /* ProjectModelTests.m in Sources */ = {isa = PBXBuildFile; fileRef = 8FB4069C1A283DD300698EDB /* ProjectModelTests.m */; };
/* End PBXBuildFile section */

/* Begin PBXContainerItemProxy section */
		8FB406971A283DD300698EDB /* PBXContainerItemProxy */ = {
			isa = PBXContainerItemProxy;
			containerPortal = 8FB406751A283DD200698EDB /* Project object */;
			proxyType = 1;
			remoteGlobalIDString = 8FB4067C1A283DD300698EDB;
			remoteInfo = ProjectModel;
		};
/* End PBXContainerItemProxy section */

/* Begin PBXFileReference section */
		8FB4067D1A283DD300698EDB /* ProjectModel.app */ = {isa = PBXFileReference; explicitFileType = wrapper.application; includeInIndex = 0; path = ProjectModel.app; sourceTree = BUILT_PRODUCTS_DIR; };
		8FB406811A283DD300698EDB /* Info.plist */ = {isa = PBXFileReference; lastKnownFileType = text.plist.xml; path = Info.plist; sourceTree = "<group>"; };
		8FB406821A283DD300698EDB /* main.m */ = {isa = PBXFileReference; lastKnownFileType = sourcecode.c.objc; path = main.m; sourceTree = "<group>"; };
		8FB406841A283DD300698EDB /* AppDelegate.h */ = {isa = PBXFileReference; lastKnownFileType = sourcecode.c.h; path = AppDelegate.h; sourceTree = "<group>"; };
		8FB406851A283DD300698EDB /* AppDelegate.m */ = {isa = PBXFileReference; lastKnownFileType = sourcecode.c.objc; path = AppDelegate.m; sourceTree = "<group>"; };
		8FB406871A283DD300698EDB /* ViewController.h */ = {isa = PBXFileReference; lastKnownFileType = sourcecode.c.h; path = ViewController.h; sourceTree = "<group>"; };
		8FB406881A283DD300698EDB /* ViewController.m */ = {isa = PBXFileReference; lastKnownFileType = sourcecode.c.objc; path = ViewController.m; sourceTree = "<group>"; };
		8FB4068B1A283DD300698EDB /* Base */ = {isa = PBXFileReference; lastKnownFileType = file.storyboard; name = Base; path = Base.lproj/Main.storyboard; sourceTree = "<group>"; };
		8FB4068D1A283DD300698EDB /* Images.xcassets */ = {isa = PBXFileReference; lastKnownFileType = folder.assetcatalog; path = Images.xcassets; sourceTree = "<group>"; };
		8FB406901A283DD300698EDB /* Base */ = {isa = PBXFileReference; lastKnownFileType = file.xib; name = Base; path = Base.lproj/LaunchScreen.xib; sourceTree = "<group>"; };
		8FB406961A283DD300698EDB /* ProjectModelTests.xctest */ = {isa = PBXFileReference; explicitFileType = wrapper.cfbundle; includeInIndex = 0; path = ProjectModelTests.xctest; sourceTree = BUILT_PRODUCTS_DIR; };
		8FB4069B1A283DD300698EDB /* Info.plist */ = {isa = PBXFileReference; lastKnownFileType = text.plist.xml; path = Info.plist; sourceTree = "<group>"; };
		8FB4069C1A283DD300698EDB /* ProjectModelTests.m */ = {isa = PBXFileReference; lastKnownFileType = sourcecode.c.objc; path = ProjectModelTests.m; sourceTree = "<group>"; };
/* End PBXFileReference section */

/* Begin PBXFrameworksBuildPhase section */
		8FB4067A1A283DD300698EDB /* Frameworks */ = {
			isa = PBXFrameworksBuildPhase;
			buildActionMask = 2147483647;
			files = (
			);
			runOnlyForDeploymentPostprocessing = 0;
		};
		8FB406931A283DD300698EDB /* Frameworks */ = {
			isa = PBXFrameworksBuildPhase;
			buildActionMask = 2147483647;
			files = (
			);
			runOnlyForDeploymentPostprocessing = 0;
		};
/* End PBXFrameworksBuildPhase section */

/* Begin PBXGroup section */
		8FB406741A283DD200698EDB = {
			isa = PBXGroup;
			children = (
				8FB4067F1A283DD300698EDB /* ProjectModel */,
				8FB406991A283DD300698EDB /* ProjectModelTests */,
				8FB4067E1A283DD300698EDB /* Products */,
			);
			sourceTree = "<group>";
		};
		8FB4067E1A283DD300698EDB /* Products */ = {
			isa = PBXGroup;
			children = (
				8FB4067D1A283DD300698EDB /* ProjectModel.app */,
				8FB406961A283DD300698EDB /* ProjectModelTests.xctest */,
			);
			name = Products;
			sourceTree = "<group>";
		};
		8FB4067F1A283DD300698EDB /* ProjectModel */ = {
			isa = PBXGroup;
			children = (
				8FB406841A283DD300698EDB /* AppDelegate.h */,
				8FB406851A283DD300698EDB /* AppDelegate.m */,
				8FB406871A283DD300698EDB /* ViewController.h */,
				8FB406881A283DD300698EDB /* ViewController.m */,
				8FB4068A1A283DD300698EDB /* Main.storyboard */,
				8FB4068D1A283DD300698EDB /* Images.xcassets */,
				8FB4068F1A283DD300698EDB /* LaunchScreen.xib */,
				8FB406801A283DD300698EDB /* Supporting Files */,
			);
			path = ProjectModel;
			sourceTree = "<group>";
		};
		8FB406801A283DD300698EDB /* Supporting Files */ = {
			isa = PBXGroup;
			children = (
				8FB406811A283DD300698EDB /* Info.plist */,
				8FB406821A283DD300698EDB /* main.m */,
			);
			name = "Supporting Files";
			sourceTree = "<group>";
		};
		8FB406991A283DD300698EDB /* ProjectModelTests */ = {
			isa = PBXGroup;
			children = (
				8FB4069C1A283DD300698EDB /* ProjectModelTests.m */,
				8FB4069A1A283DD300698EDB /* Supporting Files */,
			);
			path = ProjectModelTests;
			sourceTree = "<group>";
		};
		8FB4069A1A283DD300698EDB /* Supporting Files */ = {
			isa = PBXGroup;
			children = (
				8FB4069B1A283DD300698EDB /* Info.plist */,
			);
			name = "Supporting Files";
			sourceTree = "<group>";
		};
/* End PBXGroup section */

/* Begin PBXNativeTarget section */
		8FB4067C1A283DD300698EDB /* ProjectModel */ = {
			isa = PBXNativeTarget;
			buildConfigurationList = 8FB406A01A283DD300698EDB /* Build configuration list for PBXNativeTarget "ProjectModel" */;
			buildPhases = (
				8FB406791A283DD300698EDB /* Sources */,
				8FB4067A1A283DD300698EDB /* Frameworks */,
				8FB4067B1A283DD300698EDB /* Resources */,
			);
			buildRules = (
			);
			dependencies = (
			);
			name = ProjectModel;
			productName = ProjectModel;
			productReference = 8FB4067D1A283DD300698EDB /* ProjectModel.app */;
			productType = "com.apple.product-type.application";
		};
		8FB406951A283DD300698EDB /* ProjectModelTests */ = {
			isa = PBXNativeTarget;
			buildConfigurationList = 8FB406A31A283DD300698EDB /* Build configuration list for PBXNativeTarget "ProjectModelTests" */;
			buildPhases = (
				8FB406921A283DD300698EDB /* Sources */,
				8FB406931A283DD300698EDB /* Frameworks */,
				8FB406941A283DD300698EDB /* Resources */,
			);
			buildRules = (
			);
			dependencies = (
				8FB406981A283DD300698EDB /* PBXTargetDependency */,
			);
			name = ProjectModelTests;
			productName = ProjectModelTests;
			productReference = 8FB406961A283DD300698EDB /* ProjectModelTests.xctest */;
			productType = "com.apple.product-type.bundle.unit-test";
		};
/* End PBXNativeTarget section */

/* Begin PBXProject section */
		8FB406751A283DD200698EDB /* Project object */ = {
			isa = PBXProject;
			attributes = {
				LastUpgradeCheck = 0610;
				ORGANIZATIONNAME = Martin;
				TargetAttributes = {
					8FB4067C1A283DD300698EDB = {
						CreatedOnToolsVersion = 6.1;
					};
					8FB406951A283DD300698EDB = {
						CreatedOnToolsVersion = 6.1;
						TestTargetID = 8FB4067C1A283DD300698EDB;
					};
				};
			};
			buildConfigurationList = 8FB406781A283DD200698EDB /* Build configuration list for PBXProject "ProjectModel" */;
			compatibilityVersion = "Xcode 3.2";
			developmentRegion = English;
			hasScannedForEncodings = 0;
			knownRegions = (
				en,
				Base,
			);
			mainGroup = 8FB406741A283DD200698EDB;
			productRefGroup = 8FB4067E1A283DD300698EDB /* Products */;
			projectDirPath = "";
			projectRoot = "";
			targets = (
				8FB4067C1A283DD300698EDB /* ProjectModel */,
				8FB406951A283DD300698EDB /* ProjectModelTests */,
			);
		};
/* End PBXProject section */

/* Begin PBXResourcesBuildPhase section */
		8FB4067B1A283DD300698EDB /* Resources */ = {
			isa = PBXResourcesBuildPhase;
			buildActionMask = 2147483647;
			files = (
				8FB4068C1A283DD300698EDB /* Main.storyboard in Resources */,
				8FB406911A283DD300698EDB /* LaunchScreen.xib in Resources */,
				8FB4068E1A283DD300698EDB /* Images.xcassets in Resources */,
			);
			runOnlyForDeploymentPostprocessing = 0;
		};
		8FB406941A283DD300698EDB /* Resources */ = {
			isa = PBXResourcesBuildPhase;
			buildActionMask = 2147483647;
			files = (
			);
			runOnlyForDeploymentPostprocessing = 0;
		};
/* End PBXResourcesBuildPhase section */

/* Begin PBXSourcesBuildPhase section */
		8FB406791A283DD300698EDB /* Sources */ = {
			isa = PBXSourcesBuildPhase;
			buildActionMask = 2147483647;
			files = (
				8FB406891A283DD300698EDB /* ViewController.m in Sources */,
				8FB406861A283DD300698EDB /* AppDelegate.m in Sources */,
				8FB406831A283DD300698EDB /* main.m in Sources */,
			);
			runOnlyForDeploymentPostprocessing = 0;
		};
		8FB406921A283DD300698EDB /* Sources */ = {
			isa = PBXSourcesBuildPhase;
			buildActionMask = 2147483647;
			files = (
				8FB4069D1A283DD300698EDB /* ProjectModelTests.m in Sources */,
			);
			runOnlyForDeploymentPostprocessing = 0;
		};
/* End PBXSourcesBuildPhase section */

/* Begin PBXTargetDependency section */
		8FB406981A283DD300698EDB /* PBXTargetDependency */ = {
			isa = PBXTargetDependency;
			target = 8FB4067C1A283DD300698EDB /* ProjectModel */;
			targetProxy = 8FB406971A283DD300698EDB /* PBXContainerItemProxy */;
		};
/* End PBXTargetDependency section */

/* Begin PBXVariantGroup section */
		8FB4068A1A283DD300698EDB /* Main.storyboard */ = {
			isa = PBXVariantGroup;
			children = (
				8FB4068B1A283DD300698EDB /* Base */,
			);
			name = Main.storyboard;
			sourceTree = "<group>";
		};
		8FB4068F1A283DD300698EDB /* LaunchScreen.xib */ = {
			isa = PBXVariantGroup;
			children = (
				8FB406901A283DD300698EDB /* Base */,
			);
			name = LaunchScreen.xib;
			sourceTree = "<group>";
		};
/* End PBXVariantGroup section */

/* Begin XCBuildConfiguration section */
		8FB4069E1A283DD300698EDB /* Debug */ = {
			isa = XCBuildConfiguration;
			buildSettings = {
				ALWAYS_SEARCH_USER_PATHS = NO;
				CLANG_CXX_LANGUAGE_STANDARD = "gnu++0x";
				CLANG_CXX_LIBRARY = "libc++";
				CLANG_ENABLE_MODULES = YES;
				CLANG_ENABLE_OBJC_ARC = YES;
				CLANG_WARN_BOOL_CONVERSION = YES;
				CLANG_WARN_CONSTANT_CONVERSION = YES;
				CLANG_WARN_DIRECT_OBJC_ISA_USAGE = YES_ERROR;
				CLANG_WARN_EMPTY_BODY = YES;
				CLANG_WARN_ENUM_CONVERSION = YES;
				CLANG_WARN_INT_CONVERSION = YES;
				CLANG_WARN_OBJC_ROOT_CLASS = YES_ERROR;
				CLANG_WARN_UNREACHABLE_CODE = YES;
				CLANG_WARN__DUPLICATE_METHOD_MATCH = YES;
				"CODE_SIGN_IDENTITY[sdk=iphoneos*]" = "iPhone Developer";
				COPY_PHASE_STRIP = NO;
				ENABLE_STRICT_OBJC_MSGSEND = YES;
				GCC_C_LANGUAGE_STANDARD = gnu99;
				GCC_DYNAMIC_NO_PIC = NO;
				GCC_OPTIMIZATION_LEVEL = 0;
				GCC_PREPROCESSOR_DEFINITIONS = (
					"DEBUG=1",
					"$(inherited)",
				);
				GCC_SYMBOLS_PRIVATE_EXTERN = NO;
				GCC_WARN_64_TO_32_BIT_CONVERSION = YES;
				GCC_WARN_ABOUT_RETURN_TYPE = YES_ERROR;
				GCC_WARN_UNDECLARED_SELECTOR = YES;
				GCC_WARN_UNINITIALIZED_AUTOS = YES_AGGRESSIVE;
				GCC_WARN_UNUSED_FUNCTION = YES;
				GCC_WARN_UNUSED_VARIABLE = YES;
				IPHONEOS_DEPLOYMENT_TARGET = 8.1;
				MTL_ENABLE_DEBUG_INFO = YES;
				ONLY_ACTIVE_ARCH = YES;
				SDKROOT = iphoneos;
			};
			name = Debug;
		};
		8FB4069F1A283DD300698EDB /* Release */ = {
			isa = XCBuildConfiguration;
			buildSettings = {
				ALWAYS_SEARCH_USER_PATHS = NO;
				CLANG_CXX_LANGUAGE_STANDARD = "gnu++0x";
				CLANG_CXX_LIBRARY = "libc++";
				CLANG_ENABLE_MODULES = YES;
				CLANG_ENABLE_OBJC_ARC = YES;
				CLANG_WARN_BOOL_CONVERSION = YES;
				CLANG_WARN_CONSTANT_CONVERSION = YES;
				CLANG_WARN_DIRECT_OBJC_ISA_USAGE = YES_ERROR;
				CLANG_WARN_EMPTY_BODY = YES;
				CLANG_WARN_ENUM_CONVERSION = YES;
				CLANG_WARN_INT_CONVERSION = YES;
				CLANG_WARN_OBJC_ROOT_CLASS = YES_ERROR;
				CLANG_WARN_UNREACHABLE_CODE = YES;
				CLANG_WARN__DUPLICATE_METHOD_MATCH = YES;
				"CODE_SIGN_IDENTITY[sdk=iphoneos*]" = "iPhone Developer";
				COPY_PHASE_STRIP = YES;
				ENABLE_NS_ASSERTIONS = NO;
				ENABLE_STRICT_OBJC_MSGSEND = YES;
				GCC_C_LANGUAGE_STANDARD = gnu99;
				GCC_WARN_64_TO_32_BIT_CONVERSION = YES;
				GCC_WARN_ABOUT_RETURN_TYPE = YES_ERROR;
				GCC_WARN_UNDECLARED_SELECTOR = YES;
				GCC_WARN_UNINITIALIZED_AUTOS = YES_AGGRESSIVE;
				GCC_WARN_UNUSED_FUNCTION = YES;
				GCC_WARN_UNUSED_VARIABLE = YES;
				IPHONEOS_DEPLOYMENT_TARGET = 8.1;
				MTL_ENABLE_DEBUG_INFO = NO;
				SDKROOT = iphoneos;
				VALIDATE_PRODUCT = YES;
			};
			name = Release;
		};
		8FB406A11A283DD300698EDB /* Debug */ = {
			isa = XCBuildConfiguration;
			buildSettings = {
				ASSETCATALOG_COMPILER_APPICON_NAME = AppIcon;
				INFOPLIST_FILE = ProjectModel/Info.plist;
				LD_RUNPATH_SEARCH_PATHS = "$(inherited) @executable_path/Frameworks";
				PRODUCT_NAME = "$(TARGET_NAME)";
			};
			name = Debug;
		};
		8FB406A21A283DD300698EDB /* Release */ = {
			isa = XCBuildConfiguration;
			buildSettings = {
				ASSETCATALOG_COMPILER_APPICON_NAME = AppIcon;
				INFOPLIST_FILE = ProjectModel/Info.plist;
				LD_RUNPATH_SEARCH_PATHS = "$(inherited) @executable_path/Frameworks";
				PRODUCT_NAME = "$(TARGET_NAME)";
			};
			name = Release;
		};
		8FB406A41A283DD300698EDB /* Debug */ = {
			isa = XCBuildConfiguration;
			buildSettings = {
				BUNDLE_LOADER = "$(TEST_HOST)";
				FRAMEWORK_SEARCH_PATHS = (
					"$(SDKROOT)/Developer/Library/Frameworks",
					"$(inherited)",
				);
				GCC_PREPROCESSOR_DEFINITIONS = (
					"DEBUG=1",
					"$(inherited)",
				);
				INFOPLIST_FILE = ProjectModelTests/Info.plist;
				LD_RUNPATH_SEARCH_PATHS = "$(inherited) @executable_path/Frameworks @loader_path/Frameworks";
				PRODUCT_NAME = "$(TARGET_NAME)";
				TEST_HOST = "$(BUILT_PRODUCTS_DIR)/ProjectModel.app/ProjectModel";
			};
			name = Debug;
		};
		8FB406A51A283DD300698EDB /* Release */ = {
			isa = XCBuildConfiguration;
			buildSettings = {
				BUNDLE_LOADER = "$(TEST_HOST)";
				FRAMEWORK_SEARCH_PATHS = (
					"$(SDKROOT)/Developer/Library/Frameworks",
					"$(inherited)",
				);
				INFOPLIST_FILE = ProjectModelTests/Info.plist;
				LD_RUNPATH_SEARCH_PATHS = "$(inherited) @executable_path/Frameworks @loader_path/Frameworks";
				PRODUCT_NAME = "$(TARGET_NAME)";
				TEST_HOST = "$(BUILT_PRODUCTS_DIR)/ProjectModel.app/ProjectModel";
			};
			name = Release;
		};
/* End XCBuildConfiguration section */

/* Begin XCConfigurationList section */
		8FB406781A283DD200698EDB /* Build configuration list for PBXProject "ProjectModel" */ = {
			isa = XCConfigurationList;
			buildConfigurations = (
				8FB4069E1A283DD300698EDB /* Debug */,
				8FB4069F1A283DD300698EDB /* Release */,
			);
			defaultConfigurationIsVisible = 0;
			defaultConfigurationName = Release;
		};
		8FB406A01A283DD300698EDB /* Build configuration list for PBXNativeTarget "ProjectModel" */ = {
			isa = XCConfigurationList;
			buildConfigurations = (
				8FB406A11A283DD300698EDB /* Debug */,
				8FB406A21A283DD300698EDB /* Release */,
			);
			defaultConfigurationIsVisible = 0;
		};
		8FB406A31A283DD300698EDB /* Build configuration list for PBXNativeTarget "ProjectModelTests" */ = {
			isa = XCConfigurationList;
			buildConfigurations = (
				8FB406A41A283DD300698EDB /* Debug */,
				8FB406A51A283DD300698EDB /* Release */,
			);
			defaultConfigurationIsVisible = 0;
		};
/* End XCConfigurationList section */
	};
	rootObject = 8FB406751A283DD200698EDB /* Project object */;
}
